// !$*UTF8*$!
{
	archiveVersion = 1;
	classes = {
	};
	objectVersion = 55;
	objects = {

/* Begin PBXBuildFile section */
		4818557A28666EE200648BB6 /* LoginCreateAccountVC.swift in Sources */ = {isa = PBXBuildFile; fileRef = 4818557828666EE200648BB6 /* LoginCreateAccountVC.swift */; };
		4818557B28666EE200648BB6 /* LoginCreateAccountVC.xib in Resources */ = {isa = PBXBuildFile; fileRef = 4818557928666EE200648BB6 /* LoginCreateAccountVC.xib */; };
		4818557D2866AFC000648BB6 /* TextFields.swift in Sources */ = {isa = PBXBuildFile; fileRef = 4818557C2866AFC000648BB6 /* TextFields.swift */; };
		4836D852285D4C7200746A56 /* DatePickerCell.swift in Sources */ = {isa = PBXBuildFile; fileRef = 4836D851285D4C7200746A56 /* DatePickerCell.swift */; };
		4836D855285D601100746A56 /* DashboardVC.swift in Sources */ = {isa = PBXBuildFile; fileRef = 4836D853285D601100746A56 /* DashboardVC.swift */; };
		4836D856285D601100746A56 /* DashboardVC.xib in Resources */ = {isa = PBXBuildFile; fileRef = 4836D854285D601100746A56 /* DashboardVC.xib */; };
		4836D85C285D778400746A56 /* Record.swift in Sources */ = {isa = PBXBuildFile; fileRef = 4836D85B285D778400746A56 /* Record.swift */; };
		4836D860285D8CD900746A56 /* TextViewCell.swift in Sources */ = {isa = PBXBuildFile; fileRef = 4836D85F285D8CD900746A56 /* TextViewCell.swift */; };
		4839B81E2860DB690015C048 /* CommonMethods+Extensions.swift in Sources */ = {isa = PBXBuildFile; fileRef = 4839B81D2860DB690015C048 /* CommonMethods+Extensions.swift */; };
		4839B82028618F9E0015C048 /* TabBarViewCell.swift in Sources */ = {isa = PBXBuildFile; fileRef = 4839B81F28618F9E0015C048 /* TabBarViewCell.swift */; };
		4849A898285D96BF004569EB /* Wallet.swift in Sources */ = {isa = PBXBuildFile; fileRef = 4849A897285D96BF004569EB /* Wallet.swift */; };
		4849A89A285D9DCC004569EB /* WalletManager.swift in Sources */ = {isa = PBXBuildFile; fileRef = 4849A899285D9DCC004569EB /* WalletManager.swift */; };
		4849A89C285D9FD1004569EB /* RecordManager.swift in Sources */ = {isa = PBXBuildFile; fileRef = 4849A89B285D9FD1004569EB /* RecordManager.swift */; };
		4849A89F285DABC1004569EB /* WalletsListVC.swift in Sources */ = {isa = PBXBuildFile; fileRef = 4849A89D285DABC1004569EB /* WalletsListVC.swift */; };
		4849A8A0285DABC1004569EB /* WalletsListVC.xib in Resources */ = {isa = PBXBuildFile; fileRef = 4849A89E285DABC1004569EB /* WalletsListVC.xib */; };
		4849A8A3285DBA60004569EB /* AddWalletVC.swift in Sources */ = {isa = PBXBuildFile; fileRef = 4849A8A1285DBA60004569EB /* AddWalletVC.swift */; };
		4849A8A4285DBA60004569EB /* AddWalletVC.xib in Resources */ = {isa = PBXBuildFile; fileRef = 4849A8A2285DBA60004569EB /* AddWalletVC.xib */; };
		487BA54D28629350007E00B6 /* RecordDetailsVC.swift in Sources */ = {isa = PBXBuildFile; fileRef = 487BA54B28629350007E00B6 /* RecordDetailsVC.swift */; };
		487BA54E28629350007E00B6 /* RecordDetailsVC.xib in Resources */ = {isa = PBXBuildFile; fileRef = 487BA54C28629350007E00B6 /* RecordDetailsVC.xib */; };
		487BA55328638545007E00B6 /* ImageCell.swift in Sources */ = {isa = PBXBuildFile; fileRef = 487BA55128638545007E00B6 /* ImageCell.swift */; };
		487BA55428638545007E00B6 /* ImageCell.xib in Resources */ = {isa = PBXBuildFile; fileRef = 487BA55228638545007E00B6 /* ImageCell.xib */; };
		487BA564286586C7007E00B6 /* WelcomeVC.swift in Sources */ = {isa = PBXBuildFile; fileRef = 487BA562286586C7007E00B6 /* WelcomeVC.swift */; };
		487BA565286586C7007E00B6 /* WelcomeVC.xib in Resources */ = {isa = PBXBuildFile; fileRef = 487BA563286586C7007E00B6 /* WelcomeVC.xib */; };
		487BA56728658ACF007E00B6 /* TypingLabel.swift in Sources */ = {isa = PBXBuildFile; fileRef = 487BA56628658ACF007E00B6 /* TypingLabel.swift */; };
		48DAB1D2286A9C0F00E7461C /* KeychainSwift in Frameworks */ = {isa = PBXBuildFile; productRef = 48DAB1D1286A9C0F00E7461C /* KeychainSwift */; };
		48DAB1D5286AC65500E7461C /* AccountManagementVC.swift in Sources */ = {isa = PBXBuildFile; fileRef = 48DAB1D3286AC65500E7461C /* AccountManagementVC.swift */; };
		48DAB1D6286AC65500E7461C /* AccountManagementVC.xib in Resources */ = {isa = PBXBuildFile; fileRef = 48DAB1D4286AC65500E7461C /* AccountManagementVC.xib */; };
		48DAB1DD286AD0D600E7461C /* ChangeEmailVC.swift in Sources */ = {isa = PBXBuildFile; fileRef = 48DAB1DB286AD0D600E7461C /* ChangeEmailVC.swift */; };
		48DAB1DE286AD0D600E7461C /* ChangeEmailVC.xib in Resources */ = {isa = PBXBuildFile; fileRef = 48DAB1DC286AD0D600E7461C /* ChangeEmailVC.xib */; };
		48DAB1E3286B7B0900E7461C /* Localizable.strings in Resources */ = {isa = PBXBuildFile; fileRef = 48DAB1E1286B7B0900E7461C /* Localizable.strings */; };
		48DAB1E7286B9C8600E7461C /* ChangePasswordVC.swift in Sources */ = {isa = PBXBuildFile; fileRef = 48DAB1E5286B9C8600E7461C /* ChangePasswordVC.swift */; };
		48DAB1E8286B9C8600E7461C /* ChangePasswordVC.xib in Resources */ = {isa = PBXBuildFile; fileRef = 48DAB1E6286B9C8600E7461C /* ChangePasswordVC.xib */; };
		48DAB1EB286BCEF900E7461C /* DeleteAccountVC.swift in Sources */ = {isa = PBXBuildFile; fileRef = 48DAB1E9286BCEF900E7461C /* DeleteAccountVC.swift */; };
		48DAB1EC286BCEF900E7461C /* DeleteAccountVC.xib in Resources */ = {isa = PBXBuildFile; fileRef = 48DAB1EA286BCEF900E7461C /* DeleteAccountVC.xib */; };
		48DAB1EE286C1CC400E7461C /* FirebaseManagers.swift in Sources */ = {isa = PBXBuildFile; fileRef = 48DAB1ED286C1CC400E7461C /* FirebaseManagers.swift */; };
		48DAB1F0286D17DD00E7461C /* BiometryManager.swift in Sources */ = {isa = PBXBuildFile; fileRef = 48DAB1EF286D17DD00E7461C /* BiometryManager.swift */; };
		5024EE53284DB342000B295A /* AppDelegate.swift in Sources */ = {isa = PBXBuildFile; fileRef = 5024EE52284DB342000B295A /* AppDelegate.swift */; };
		5024EE55284DB342000B295A /* SceneDelegate.swift in Sources */ = {isa = PBXBuildFile; fileRef = 5024EE54284DB342000B295A /* SceneDelegate.swift */; };
		5024EE57284DB342000B295A /* DashboardViewController.swift in Sources */ = {isa = PBXBuildFile; fileRef = 5024EE56284DB342000B295A /* DashboardViewController.swift */; };
		5024EE5A284DB342000B295A /* Main.storyboard in Resources */ = {isa = PBXBuildFile; fileRef = 5024EE58284DB342000B295A /* Main.storyboard */; };
		5024EE5C284DB344000B295A /* Assets.xcassets in Resources */ = {isa = PBXBuildFile; fileRef = 5024EE5B284DB344000B295A /* Assets.xcassets */; };
		5024EE5F284DB344000B295A /* LaunchScreen.storyboard in Resources */ = {isa = PBXBuildFile; fileRef = 5024EE5D284DB344000B295A /* LaunchScreen.storyboard */; };
		5038E6662852D6D800756D60 /* AddVC.swift in Sources */ = {isa = PBXBuildFile; fileRef = 5038E6642852D6D800756D60 /* AddVC.swift */; };
		5038E6672852D6D800756D60 /* AddVC.xib in Resources */ = {isa = PBXBuildFile; fileRef = 5038E6652852D6D800756D60 /* AddVC.xib */; };
		5038E6692852D90A00756D60 /* BounceButton.swift in Sources */ = {isa = PBXBuildFile; fileRef = 5038E6682852D90A00756D60 /* BounceButton.swift */; };
		5038E68D2853052500756D60 /* UIView+Fade.swift in Sources */ = {isa = PBXBuildFile; fileRef = 5038E68C2853052500756D60 /* UIView+Fade.swift */; };
		5038E69228530FDA00756D60 /* AddRecordVC.swift in Sources */ = {isa = PBXBuildFile; fileRef = 5038E69028530FDA00756D60 /* AddRecordVC.swift */; };
		5038E69328530FDA00756D60 /* AddRecordVC.xib in Resources */ = {isa = PBXBuildFile; fileRef = 5038E69128530FDA00756D60 /* AddRecordVC.xib */; };
		505BA11C284F0DF5007AFBE0 /* WalletsCell.swift in Sources */ = {isa = PBXBuildFile; fileRef = 505BA11A284F0DF5007AFBE0 /* WalletsCell.swift */; };
		505BA11D284F0DF5007AFBE0 /* WalletsCell.xib in Resources */ = {isa = PBXBuildFile; fileRef = 505BA11B284F0DF5007AFBE0 /* WalletsCell.xib */; };
		505BA11F284F1473007AFBE0 /* RoundedView.swift in Sources */ = {isa = PBXBuildFile; fileRef = 505BA11E284F1473007AFBE0 /* RoundedView.swift */; };
		509D84A32860335C00AC8F58 /* TabBarView.swift in Sources */ = {isa = PBXBuildFile; fileRef = 509D84A22860335C00AC8F58 /* TabBarView.swift */; };
		509D84AA28604DA800AC8F58 /* SettingsVC.swift in Sources */ = {isa = PBXBuildFile; fileRef = 509D84A828604DA800AC8F58 /* SettingsVC.swift */; };
		509D84AB28604DA800AC8F58 /* SettingsVC.xib in Resources */ = {isa = PBXBuildFile; fileRef = 509D84A928604DA800AC8F58 /* SettingsVC.xib */; };
		50A221B52855016700D1A139 /* ContentSizedTableView.swift in Sources */ = {isa = PBXBuildFile; fileRef = 50A221B42855016700D1A139 /* ContentSizedTableView.swift */; };
		50AB38C3286505BD00E9957E /* SwiftyBeaver in Frameworks */ = {isa = PBXBuildFile; productRef = 50AB38C2286505BD00E9957E /* SwiftyBeaver */; };
		50AB38C62865061600E9957E /* SPIndicator in Frameworks */ = {isa = PBXBuildFile; productRef = 50AB38C52865061600E9957E /* SPIndicator */; };
		50AB38C92865062300E9957E /* SPSettingsIcons in Frameworks */ = {isa = PBXBuildFile; productRef = 50AB38C82865062300E9957E /* SPSettingsIcons */; };
		50AB38CC286508B800E9957E /* SwiftyJSON in Frameworks */ = {isa = PBXBuildFile; productRef = 50AB38CB286508B800E9957E /* SwiftyJSON */; };
		50AB38D328654DBC00E9957E /* GoogleService-Info.plist in Resources */ = {isa = PBXBuildFile; fileRef = 50AB38D228654DBC00E9957E /* GoogleService-Info.plist */; };
		50AB38D92865550800E9957E /* FirebaseAnalytics in Frameworks */ = {isa = PBXBuildFile; productRef = 50AB38D82865550800E9957E /* FirebaseAnalytics */; };
		50AB38DB2865550800E9957E /* FirebaseAuth in Frameworks */ = {isa = PBXBuildFile; productRef = 50AB38DA2865550800E9957E /* FirebaseAuth */; };
		50AB38DD2865550800E9957E /* FirebaseFirestore in Frameworks */ = {isa = PBXBuildFile; productRef = 50AB38DC2865550800E9957E /* FirebaseFirestore */; };
		50D03826286949CD00662008 /* SplashVC.swift in Sources */ = {isa = PBXBuildFile; fileRef = 50D03824286949CD00662008 /* SplashVC.swift */; };
		50D03827286949CD00662008 /* SplashVC.xib in Resources */ = {isa = PBXBuildFile; fileRef = 50D03825286949CD00662008 /* SplashVC.xib */; };
		50D0382A2869688900662008 /* Realm in Frameworks */ = {isa = PBXBuildFile; productRef = 50D038292869688900662008 /* Realm */; };
		50D0382C2869688900662008 /* RealmSwift in Frameworks */ = {isa = PBXBuildFile; productRef = 50D0382B2869688900662008 /* RealmSwift */; };
		50D038302869788500662008 /* ResetPasswordVC.swift in Sources */ = {isa = PBXBuildFile; fileRef = 50D0382E2869788500662008 /* ResetPasswordVC.swift */; };
		50D038312869788500662008 /* ResetPasswordVC.xib in Resources */ = {isa = PBXBuildFile; fileRef = 50D0382F2869788500662008 /* ResetPasswordVC.xib */; };
		50D33AB12866CBD800D009B8 /* Validator.swift in Sources */ = {isa = PBXBuildFile; fileRef = 50D33AB02866CBD800D009B8 /* Validator.swift */; };
		50E0481F2866D81D008603BC /* ProgressHUD in Frameworks */ = {isa = PBXBuildFile; productRef = 50E0481E2866D81D008603BC /* ProgressHUD */; };
		50E28322285EAC42005A3907 /* WalletDetailVC.swift in Sources */ = {isa = PBXBuildFile; fileRef = 50E28320285EAC42005A3907 /* WalletDetailVC.swift */; };
		50E28323285EAC42005A3907 /* WalletDetailVC.xib in Resources */ = {isa = PBXBuildFile; fileRef = 50E28321285EAC42005A3907 /* WalletDetailVC.xib */; };
		50E28325285EB95B005A3907 /* LeftRightLabelCell.swift in Sources */ = {isa = PBXBuildFile; fileRef = 50E28324285EB95B005A3907 /* LeftRightLabelCell.swift */; };
		50E28348285EFFAF005A3907 /* AllRecordsVC.swift in Sources */ = {isa = PBXBuildFile; fileRef = 50E28346285EFFAF005A3907 /* AllRecordsVC.swift */; };
		50E28349285EFFAF005A3907 /* AllRecordsVC.xib in Resources */ = {isa = PBXBuildFile; fileRef = 50E28347285EFFAF005A3907 /* AllRecordsVC.xib */; };
		50E2834B285FA87A005A3907 /* Constants.swift in Sources */ = {isa = PBXBuildFile; fileRef = 50E2834A285FA87A005A3907 /* Constants.swift */; };
/* End PBXBuildFile section */

/* Begin PBXFileReference section */
		4818557828666EE200648BB6 /* LoginCreateAccountVC.swift */ = {isa = PBXFileReference; lastKnownFileType = sourcecode.swift; path = LoginCreateAccountVC.swift; sourceTree = "<group>"; };
		4818557928666EE200648BB6 /* LoginCreateAccountVC.xib */ = {isa = PBXFileReference; lastKnownFileType = file.xib; path = LoginCreateAccountVC.xib; sourceTree = "<group>"; };
		4818557C2866AFC000648BB6 /* TextFields.swift */ = {isa = PBXFileReference; lastKnownFileType = sourcecode.swift; path = TextFields.swift; sourceTree = "<group>"; };
		4836D851285D4C7200746A56 /* DatePickerCell.swift */ = {isa = PBXFileReference; lastKnownFileType = sourcecode.swift; path = DatePickerCell.swift; sourceTree = "<group>"; };
		4836D853285D601100746A56 /* DashboardVC.swift */ = {isa = PBXFileReference; lastKnownFileType = sourcecode.swift; path = DashboardVC.swift; sourceTree = "<group>"; };
		4836D854285D601100746A56 /* DashboardVC.xib */ = {isa = PBXFileReference; lastKnownFileType = file.xib; path = DashboardVC.xib; sourceTree = "<group>"; };
		4836D85B285D778400746A56 /* Record.swift */ = {isa = PBXFileReference; lastKnownFileType = sourcecode.swift; path = Record.swift; sourceTree = "<group>"; };
		4836D85F285D8CD900746A56 /* TextViewCell.swift */ = {isa = PBXFileReference; lastKnownFileType = sourcecode.swift; path = TextViewCell.swift; sourceTree = "<group>"; };
		4839B81D2860DB690015C048 /* CommonMethods+Extensions.swift */ = {isa = PBXFileReference; lastKnownFileType = sourcecode.swift; path = "CommonMethods+Extensions.swift"; sourceTree = "<group>"; };
		4839B81F28618F9E0015C048 /* TabBarViewCell.swift */ = {isa = PBXFileReference; lastKnownFileType = sourcecode.swift; path = TabBarViewCell.swift; sourceTree = "<group>"; };
		4849A897285D96BF004569EB /* Wallet.swift */ = {isa = PBXFileReference; lastKnownFileType = sourcecode.swift; path = Wallet.swift; sourceTree = "<group>"; };
		4849A899285D9DCC004569EB /* WalletManager.swift */ = {isa = PBXFileReference; lastKnownFileType = sourcecode.swift; path = WalletManager.swift; sourceTree = "<group>"; };
		4849A89B285D9FD1004569EB /* RecordManager.swift */ = {isa = PBXFileReference; lastKnownFileType = sourcecode.swift; path = RecordManager.swift; sourceTree = "<group>"; };
		4849A89D285DABC1004569EB /* WalletsListVC.swift */ = {isa = PBXFileReference; lastKnownFileType = sourcecode.swift; path = WalletsListVC.swift; sourceTree = "<group>"; };
		4849A89E285DABC1004569EB /* WalletsListVC.xib */ = {isa = PBXFileReference; lastKnownFileType = file.xib; path = WalletsListVC.xib; sourceTree = "<group>"; };
		4849A8A1285DBA60004569EB /* AddWalletVC.swift */ = {isa = PBXFileReference; lastKnownFileType = sourcecode.swift; path = AddWalletVC.swift; sourceTree = "<group>"; };
		4849A8A2285DBA60004569EB /* AddWalletVC.xib */ = {isa = PBXFileReference; lastKnownFileType = file.xib; path = AddWalletVC.xib; sourceTree = "<group>"; };
		487BA54B28629350007E00B6 /* RecordDetailsVC.swift */ = {isa = PBXFileReference; lastKnownFileType = sourcecode.swift; path = RecordDetailsVC.swift; sourceTree = "<group>"; };
		487BA54C28629350007E00B6 /* RecordDetailsVC.xib */ = {isa = PBXFileReference; lastKnownFileType = file.xib; path = RecordDetailsVC.xib; sourceTree = "<group>"; };
		487BA55128638545007E00B6 /* ImageCell.swift */ = {isa = PBXFileReference; lastKnownFileType = sourcecode.swift; path = ImageCell.swift; sourceTree = "<group>"; };
		487BA55228638545007E00B6 /* ImageCell.xib */ = {isa = PBXFileReference; lastKnownFileType = file.xib; path = ImageCell.xib; sourceTree = "<group>"; };
		487BA562286586C7007E00B6 /* WelcomeVC.swift */ = {isa = PBXFileReference; lastKnownFileType = sourcecode.swift; path = WelcomeVC.swift; sourceTree = "<group>"; };
		487BA563286586C7007E00B6 /* WelcomeVC.xib */ = {isa = PBXFileReference; lastKnownFileType = file.xib; path = WelcomeVC.xib; sourceTree = "<group>"; };
		487BA56628658ACF007E00B6 /* TypingLabel.swift */ = {isa = PBXFileReference; lastKnownFileType = sourcecode.swift; path = TypingLabel.swift; sourceTree = "<group>"; };
		48DAB1D3286AC65500E7461C /* AccountManagementVC.swift */ = {isa = PBXFileReference; lastKnownFileType = sourcecode.swift; path = AccountManagementVC.swift; sourceTree = "<group>"; };
		48DAB1D4286AC65500E7461C /* AccountManagementVC.xib */ = {isa = PBXFileReference; lastKnownFileType = file.xib; path = AccountManagementVC.xib; sourceTree = "<group>"; };
		48DAB1DB286AD0D600E7461C /* ChangeEmailVC.swift */ = {isa = PBXFileReference; lastKnownFileType = sourcecode.swift; path = ChangeEmailVC.swift; sourceTree = "<group>"; };
		48DAB1DC286AD0D600E7461C /* ChangeEmailVC.xib */ = {isa = PBXFileReference; lastKnownFileType = file.xib; path = ChangeEmailVC.xib; sourceTree = "<group>"; };
		48DAB1E2286B7B0900E7461C /* Base */ = {isa = PBXFileReference; lastKnownFileType = text.plist.strings; name = Base; path = Base.lproj/Localizable.strings; sourceTree = "<group>"; };
		48DAB1E5286B9C8600E7461C /* ChangePasswordVC.swift */ = {isa = PBXFileReference; lastKnownFileType = sourcecode.swift; path = ChangePasswordVC.swift; sourceTree = "<group>"; };
		48DAB1E6286B9C8600E7461C /* ChangePasswordVC.xib */ = {isa = PBXFileReference; lastKnownFileType = file.xib; path = ChangePasswordVC.xib; sourceTree = "<group>"; };
		48DAB1E9286BCEF900E7461C /* DeleteAccountVC.swift */ = {isa = PBXFileReference; lastKnownFileType = sourcecode.swift; path = DeleteAccountVC.swift; sourceTree = "<group>"; };
		48DAB1EA286BCEF900E7461C /* DeleteAccountVC.xib */ = {isa = PBXFileReference; lastKnownFileType = file.xib; path = DeleteAccountVC.xib; sourceTree = "<group>"; };
		48DAB1ED286C1CC400E7461C /* FirebaseManagers.swift */ = {isa = PBXFileReference; lastKnownFileType = sourcecode.swift; path = FirebaseManagers.swift; sourceTree = "<group>"; };
		48DAB1EF286D17DD00E7461C /* BiometryManager.swift */ = {isa = PBXFileReference; lastKnownFileType = sourcecode.swift; path = BiometryManager.swift; sourceTree = "<group>"; };
		5024EE4F284DB342000B295A /* Money Diary.app */ = {isa = PBXFileReference; explicitFileType = wrapper.application; includeInIndex = 0; path = "Money Diary.app"; sourceTree = BUILT_PRODUCTS_DIR; };
		5024EE52284DB342000B295A /* AppDelegate.swift */ = {isa = PBXFileReference; lastKnownFileType = sourcecode.swift; path = AppDelegate.swift; sourceTree = "<group>"; };
		5024EE54284DB342000B295A /* SceneDelegate.swift */ = {isa = PBXFileReference; lastKnownFileType = sourcecode.swift; path = SceneDelegate.swift; sourceTree = "<group>"; };
		5024EE56284DB342000B295A /* DashboardViewController.swift */ = {isa = PBXFileReference; lastKnownFileType = sourcecode.swift; path = DashboardViewController.swift; sourceTree = "<group>"; };
		5024EE59284DB342000B295A /* Base */ = {isa = PBXFileReference; lastKnownFileType = file.storyboard; name = Base; path = Base.lproj/Main.storyboard; sourceTree = "<group>"; };
		5024EE5B284DB344000B295A /* Assets.xcassets */ = {isa = PBXFileReference; lastKnownFileType = folder.assetcatalog; path = Assets.xcassets; sourceTree = "<group>"; };
		5024EE5E284DB344000B295A /* Base */ = {isa = PBXFileReference; lastKnownFileType = file.storyboard; name = Base; path = Base.lproj/LaunchScreen.storyboard; sourceTree = "<group>"; };
		5024EE60284DB344000B295A /* Info.plist */ = {isa = PBXFileReference; lastKnownFileType = text.plist.xml; path = Info.plist; sourceTree = "<group>"; };
		5038E6642852D6D800756D60 /* AddVC.swift */ = {isa = PBXFileReference; lastKnownFileType = sourcecode.swift; path = AddVC.swift; sourceTree = "<group>"; };
		5038E6652852D6D800756D60 /* AddVC.xib */ = {isa = PBXFileReference; lastKnownFileType = file.xib; path = AddVC.xib; sourceTree = "<group>"; };
		5038E6682852D90A00756D60 /* BounceButton.swift */ = {isa = PBXFileReference; lastKnownFileType = sourcecode.swift; path = BounceButton.swift; sourceTree = "<group>"; };
		5038E68C2853052500756D60 /* UIView+Fade.swift */ = {isa = PBXFileReference; lastKnownFileType = sourcecode.swift; path = "UIView+Fade.swift"; sourceTree = "<group>"; };
		5038E69028530FDA00756D60 /* AddRecordVC.swift */ = {isa = PBXFileReference; lastKnownFileType = sourcecode.swift; path = AddRecordVC.swift; sourceTree = "<group>"; };
		5038E69128530FDA00756D60 /* AddRecordVC.xib */ = {isa = PBXFileReference; lastKnownFileType = file.xib; path = AddRecordVC.xib; sourceTree = "<group>"; };
		505BA11A284F0DF5007AFBE0 /* WalletsCell.swift */ = {isa = PBXFileReference; lastKnownFileType = sourcecode.swift; path = WalletsCell.swift; sourceTree = "<group>"; };
		505BA11B284F0DF5007AFBE0 /* WalletsCell.xib */ = {isa = PBXFileReference; lastKnownFileType = file.xib; path = WalletsCell.xib; sourceTree = "<group>"; };
		505BA11E284F1473007AFBE0 /* RoundedView.swift */ = {isa = PBXFileReference; lastKnownFileType = sourcecode.swift; path = RoundedView.swift; sourceTree = "<group>"; };
		509D84A22860335C00AC8F58 /* TabBarView.swift */ = {isa = PBXFileReference; lastKnownFileType = sourcecode.swift; path = TabBarView.swift; sourceTree = "<group>"; };
		509D84A828604DA800AC8F58 /* SettingsVC.swift */ = {isa = PBXFileReference; lastKnownFileType = sourcecode.swift; path = SettingsVC.swift; sourceTree = "<group>"; };
		509D84A928604DA800AC8F58 /* SettingsVC.xib */ = {isa = PBXFileReference; lastKnownFileType = file.xib; path = SettingsVC.xib; sourceTree = "<group>"; };
		50A221B42855016700D1A139 /* ContentSizedTableView.swift */ = {isa = PBXFileReference; lastKnownFileType = sourcecode.swift; path = ContentSizedTableView.swift; sourceTree = "<group>"; };
		50AB38D228654DBC00E9957E /* GoogleService-Info.plist */ = {isa = PBXFileReference; fileEncoding = 4; lastKnownFileType = text.plist.xml; path = "GoogleService-Info.plist"; sourceTree = "<group>"; };
		50D03824286949CD00662008 /* SplashVC.swift */ = {isa = PBXFileReference; lastKnownFileType = sourcecode.swift; path = SplashVC.swift; sourceTree = "<group>"; };
		50D03825286949CD00662008 /* SplashVC.xib */ = {isa = PBXFileReference; lastKnownFileType = file.xib; path = SplashVC.xib; sourceTree = "<group>"; };
		50D0382E2869788500662008 /* ResetPasswordVC.swift */ = {isa = PBXFileReference; lastKnownFileType = sourcecode.swift; path = ResetPasswordVC.swift; sourceTree = "<group>"; };
		50D0382F2869788500662008 /* ResetPasswordVC.xib */ = {isa = PBXFileReference; lastKnownFileType = file.xib; path = ResetPasswordVC.xib; sourceTree = "<group>"; };
		50D33AB02866CBD800D009B8 /* Validator.swift */ = {isa = PBXFileReference; lastKnownFileType = sourcecode.swift; path = Validator.swift; sourceTree = "<group>"; };
		50E28320285EAC42005A3907 /* WalletDetailVC.swift */ = {isa = PBXFileReference; lastKnownFileType = sourcecode.swift; path = WalletDetailVC.swift; sourceTree = "<group>"; };
		50E28321285EAC42005A3907 /* WalletDetailVC.xib */ = {isa = PBXFileReference; lastKnownFileType = file.xib; path = WalletDetailVC.xib; sourceTree = "<group>"; };
		50E28324285EB95B005A3907 /* LeftRightLabelCell.swift */ = {isa = PBXFileReference; lastKnownFileType = sourcecode.swift; path = LeftRightLabelCell.swift; sourceTree = "<group>"; };
		50E28346285EFFAF005A3907 /* AllRecordsVC.swift */ = {isa = PBXFileReference; lastKnownFileType = sourcecode.swift; path = AllRecordsVC.swift; sourceTree = "<group>"; };
		50E28347285EFFAF005A3907 /* AllRecordsVC.xib */ = {isa = PBXFileReference; lastKnownFileType = file.xib; path = AllRecordsVC.xib; sourceTree = "<group>"; };
		50E2834A285FA87A005A3907 /* Constants.swift */ = {isa = PBXFileReference; lastKnownFileType = sourcecode.swift; path = Constants.swift; sourceTree = "<group>"; };
/* End PBXFileReference section */

/* Begin PBXFrameworksBuildPhase section */
		5024EE4C284DB342000B295A /* Frameworks */ = {
			isa = PBXFrameworksBuildPhase;
			buildActionMask = 2147483647;
			files = (
				50AB38C92865062300E9957E /* SPSettingsIcons in Frameworks */,
				50E0481F2866D81D008603BC /* ProgressHUD in Frameworks */,
				50AB38DB2865550800E9957E /* FirebaseAuth in Frameworks */,
				50AB38C3286505BD00E9957E /* SwiftyBeaver in Frameworks */,
				50AB38CC286508B800E9957E /* SwiftyJSON in Frameworks */,
				50AB38D92865550800E9957E /* FirebaseAnalytics in Frameworks */,
				48DAB1D2286A9C0F00E7461C /* KeychainSwift in Frameworks */,
				50D0382A2869688900662008 /* Realm in Frameworks */,
				50AB38C62865061600E9957E /* SPIndicator in Frameworks */,
				50D0382C2869688900662008 /* RealmSwift in Frameworks */,
				50AB38DD2865550800E9957E /* FirebaseFirestore in Frameworks */,
			);
			runOnlyForDeploymentPostprocessing = 0;
		};
/* End PBXFrameworksBuildPhase section */

/* Begin PBXGroup section */
		4818556A2866603C00648BB6 /* AddRecord */ = {
			isa = PBXGroup;
			children = (
				5038E69028530FDA00756D60 /* AddRecordVC.swift */,
				5038E69128530FDA00756D60 /* AddRecordVC.xib */,
			);
			path = AddRecord;
			sourceTree = "<group>";
		};
		4818556B2866605400648BB6 /* AddWallet */ = {
			isa = PBXGroup;
			children = (
				4849A8A1285DBA60004569EB /* AddWalletVC.swift */,
				4849A8A2285DBA60004569EB /* AddWalletVC.xib */,
			);
			path = AddWallet;
			sourceTree = "<group>";
		};
		4818556C2866605D00648BB6 /* AllRecords */ = {
			isa = PBXGroup;
			children = (
				50E28346285EFFAF005A3907 /* AllRecordsVC.swift */,
				50E28347285EFFAF005A3907 /* AllRecordsVC.xib */,
			);
			path = AllRecords;
			sourceTree = "<group>";
		};
		4818556D2866606C00648BB6 /* Dashboard */ = {
			isa = PBXGroup;
			children = (
				4836D853285D601100746A56 /* DashboardVC.swift */,
				4836D854285D601100746A56 /* DashboardVC.xib */,
			);
			path = Dashboard;
			sourceTree = "<group>";
		};
		4818556E2866607400648BB6 /* Settings */ = {
			isa = PBXGroup;
			children = (
				509D84A828604DA800AC8F58 /* SettingsVC.swift */,
				509D84A928604DA800AC8F58 /* SettingsVC.xib */,
			);
			path = Settings;
			sourceTree = "<group>";
		};
		4818556F2866607B00648BB6 /* WalletDetails */ = {
			isa = PBXGroup;
			children = (
				50E28320285EAC42005A3907 /* WalletDetailVC.swift */,
				50E28321285EAC42005A3907 /* WalletDetailVC.xib */,
			);
			path = WalletDetails;
			sourceTree = "<group>";
		};
		481855702866608C00648BB6 /* WalletsList */ = {
			isa = PBXGroup;
			children = (
				4849A89D285DABC1004569EB /* WalletsListVC.swift */,
				4849A89E285DABC1004569EB /* WalletsListVC.xib */,
			);
			path = WalletsList;
			sourceTree = "<group>";
		};
		481855712866609300648BB6 /* RecordDetails */ = {
			isa = PBXGroup;
			children = (
				487BA54B28629350007E00B6 /* RecordDetailsVC.swift */,
				487BA54C28629350007E00B6 /* RecordDetailsVC.xib */,
			);
			path = RecordDetails;
			sourceTree = "<group>";
		};
		481855722866609B00648BB6 /* LoginCreateAccount */ = {
			isa = PBXGroup;
			children = (
				4818557828666EE200648BB6 /* LoginCreateAccountVC.swift */,
				4818557928666EE200648BB6 /* LoginCreateAccountVC.xib */,
			);
			path = LoginCreateAccount;
			sourceTree = "<group>";
		};
		48DAB1D7286AC65A00E7461C /* AccountManagement */ = {
			isa = PBXGroup;
			children = (
				48DAB1D3286AC65500E7461C /* AccountManagementVC.swift */,
				48DAB1D4286AC65500E7461C /* AccountManagementVC.xib */,
				48DAB1D9286AD08300E7461C /* ChangeEmail */,
				48DAB1D8286AD06A00E7461C /* ChangePassword */,
				48DAB1DA286AD0B200E7461C /* DeleteAccount */,
			);
			path = AccountManagement;
			sourceTree = "<group>";
		};
		48DAB1D8286AD06A00E7461C /* ChangePassword */ = {
			isa = PBXGroup;
			children = (
				48DAB1E5286B9C8600E7461C /* ChangePasswordVC.swift */,
				48DAB1E6286B9C8600E7461C /* ChangePasswordVC.xib */,
			);
			path = ChangePassword;
			sourceTree = "<group>";
		};
		48DAB1D9286AD08300E7461C /* ChangeEmail */ = {
			isa = PBXGroup;
			children = (
				48DAB1DB286AD0D600E7461C /* ChangeEmailVC.swift */,
				48DAB1DC286AD0D600E7461C /* ChangeEmailVC.xib */,
			);
			path = ChangeEmail;
			sourceTree = "<group>";
		};
		48DAB1DA286AD0B200E7461C /* DeleteAccount */ = {
			isa = PBXGroup;
			children = (
				48DAB1E9286BCEF900E7461C /* DeleteAccountVC.swift */,
				48DAB1EA286BCEF900E7461C /* DeleteAccountVC.xib */,
			);
			path = DeleteAccount;
			sourceTree = "<group>";
		};
		48DAB1F2286D614300E7461C /* Managers */ = {
			isa = PBXGroup;
			children = (
				48DAB1EF286D17DD00E7461C /* BiometryManager.swift */,
				4849A89B285D9FD1004569EB /* RecordManager.swift */,
				4849A899285D9DCC004569EB /* WalletManager.swift */,
			);
			path = Managers;
			sourceTree = "<group>";
		};
		48DAB1F3286D617700E7461C /* ImageCell */ = {
			isa = PBXGroup;
			children = (
				487BA55128638545007E00B6 /* ImageCell.swift */,
				487BA55228638545007E00B6 /* ImageCell.xib */,
			);
			path = ImageCell;
			sourceTree = "<group>";
		};
		5024EE46284DB342000B295A = {
			isa = PBXGroup;
			children = (
				5024EE51284DB342000B295A /* Money Diary */,
				5024EE50284DB342000B295A /* Products */,
				50AB38D4286551F900E9957E /* Frameworks */,
			);
			sourceTree = "<group>";
		};
		5024EE50284DB342000B295A /* Products */ = {
			isa = PBXGroup;
			children = (
				5024EE4F284DB342000B295A /* Money Diary.app */,
			);
			name = Products;
			sourceTree = "<group>";
		};
		5024EE51284DB342000B295A /* Money Diary */ = {
			isa = PBXGroup;
			children = (
				5024EE5B284DB344000B295A /* Assets.xcassets */,
				48DAB1F2286D614300E7461C /* Managers */,
				4839B81D2860DB690015C048 /* CommonMethods+Extensions.swift */,
				50E2834A285FA87A005A3907 /* Constants.swift */,
				5038E6602852D64600756D60 /* CustomViews */,
				5024EE56284DB342000B295A /* DashboardViewController.swift */,
				5038E6622852D65700756D60 /* Delegates */,
				48DAB1ED286C1CC400E7461C /* FirebaseManagers.swift */,
				50AB38D228654DBC00E9957E /* GoogleService-Info.plist */,
				5024EE60284DB344000B295A /* Info.plist */,
				5024EE5D284DB344000B295A /* LaunchScreen.storyboard */,
				48DAB1E1286B7B0900E7461C /* Localizable.strings */,
				5024EE58284DB342000B295A /* Main.storyboard */,
				4836D85B285D778400746A56 /* Record.swift */,
				5038E6632852D69A00756D60 /* Screens */,
				5038E68C2853052500756D60 /* UIView+Fade.swift */,
				50D33AB02866CBD800D009B8 /* Validator.swift */,
				4849A897285D96BF004569EB /* Wallet.swift */,
			);
			path = "Money Diary";
			sourceTree = "<group>";
		};
		5038E6602852D64600756D60 /* CustomViews */ = {
			isa = PBXGroup;
			children = (
				505BA11E284F1473007AFBE0 /* RoundedView.swift */,
				5038E6612852D64E00756D60 /* WalletsCell */,
				5038E6682852D90A00756D60 /* BounceButton.swift */,
				50A221B42855016700D1A139 /* ContentSizedTableView.swift */,
				4836D851285D4C7200746A56 /* DatePickerCell.swift */,
				4836D85F285D8CD900746A56 /* TextViewCell.swift */,
				50E28324285EB95B005A3907 /* LeftRightLabelCell.swift */,
				509D84A22860335C00AC8F58 /* TabBarView.swift */,
				4839B81F28618F9E0015C048 /* TabBarViewCell.swift */,
				48DAB1F3286D617700E7461C /* ImageCell */,
				487BA56628658ACF007E00B6 /* TypingLabel.swift */,
				4818557C2866AFC000648BB6 /* TextFields.swift */,
			);
			path = CustomViews;
			sourceTree = "<group>";
		};
		5038E6612852D64E00756D60 /* WalletsCell */ = {
			isa = PBXGroup;
			children = (
				505BA11A284F0DF5007AFBE0 /* WalletsCell.swift */,
				505BA11B284F0DF5007AFBE0 /* WalletsCell.xib */,
			);
			path = WalletsCell;
			sourceTree = "<group>";
		};
		5038E6622852D65700756D60 /* Delegates */ = {
			isa = PBXGroup;
			children = (
				5024EE52284DB342000B295A /* AppDelegate.swift */,
				5024EE54284DB342000B295A /* SceneDelegate.swift */,
			);
			path = Delegates;
			sourceTree = "<group>";
		};
		5038E6632852D69A00756D60 /* Screens */ = {
			isa = PBXGroup;
			children = (
				48DAB1D7286AC65A00E7461C /* AccountManagement */,
				4818556A2866603C00648BB6 /* AddRecord */,
				5038E6642852D6D800756D60 /* AddVC.swift */,
				5038E6652852D6D800756D60 /* AddVC.xib */,
				4818556B2866605400648BB6 /* AddWallet */,
				4818556C2866605D00648BB6 /* AllRecords */,
				4818556D2866606C00648BB6 /* Dashboard */,
				481855722866609B00648BB6 /* LoginCreateAccount */,
				481855712866609300648BB6 /* RecordDetails */,
				50D0382D2869787100662008 /* ResetPasswordVC */,
				4818556E2866607400648BB6 /* Settings */,
				50D03823286949B700662008 /* Splash */,
				4818556F2866607B00648BB6 /* WalletDetails */,
				481855702866608C00648BB6 /* WalletsList */,
				50D33AAE2866B90100D009B8 /* WelcomeVC */,
			);
			path = Screens;
			sourceTree = "<group>";
		};
		50AB38D4286551F900E9957E /* Frameworks */ = {
			isa = PBXGroup;
			children = (
			);
			name = Frameworks;
			sourceTree = "<group>";
		};
		50D03823286949B700662008 /* Splash */ = {
			isa = PBXGroup;
			children = (
				50D03824286949CD00662008 /* SplashVC.swift */,
				50D03825286949CD00662008 /* SplashVC.xib */,
			);
			path = Splash;
			sourceTree = "<group>";
		};
		50D0382D2869787100662008 /* ResetPasswordVC */ = {
			isa = PBXGroup;
			children = (
				50D0382E2869788500662008 /* ResetPasswordVC.swift */,
				50D0382F2869788500662008 /* ResetPasswordVC.xib */,
			);
			path = ResetPasswordVC;
			sourceTree = "<group>";
		};
		50D33AAE2866B90100D009B8 /* WelcomeVC */ = {
			isa = PBXGroup;
			children = (
				487BA562286586C7007E00B6 /* WelcomeVC.swift */,
				487BA563286586C7007E00B6 /* WelcomeVC.xib */,
			);
			path = WelcomeVC;
			sourceTree = "<group>";
		};
/* End PBXGroup section */

/* Begin PBXNativeTarget section */
		5024EE4E284DB342000B295A /* Money Diary */ = {
			isa = PBXNativeTarget;
			buildConfigurationList = 5024EE63284DB344000B295A /* Build configuration list for PBXNativeTarget "Money Diary" */;
			buildPhases = (
				5024EE4B284DB342000B295A /* Sources */,
				5024EE4C284DB342000B295A /* Frameworks */,
				5024EE4D284DB342000B295A /* Resources */,
			);
			buildRules = (
			);
			dependencies = (
			);
			name = "Money Diary";
			packageProductDependencies = (
				50AB38C2286505BD00E9957E /* SwiftyBeaver */,
				50AB38C52865061600E9957E /* SPIndicator */,
				50AB38C82865062300E9957E /* SPSettingsIcons */,
				50AB38CB286508B800E9957E /* SwiftyJSON */,
				50AB38D82865550800E9957E /* FirebaseAnalytics */,
				50AB38DA2865550800E9957E /* FirebaseAuth */,
				50AB38DC2865550800E9957E /* FirebaseFirestore */,
				50E0481E2866D81D008603BC /* ProgressHUD */,
				50D038292869688900662008 /* Realm */,
				50D0382B2869688900662008 /* RealmSwift */,
				48DAB1D1286A9C0F00E7461C /* KeychainSwift */,
			);
			productName = "Money Diary";
			productReference = 5024EE4F284DB342000B295A /* Money Diary.app */;
			productType = "com.apple.product-type.application";
		};
/* End PBXNativeTarget section */

/* Begin PBXProject section */
		5024EE47284DB342000B295A /* Project object */ = {
			isa = PBXProject;
			attributes = {
				BuildIndependentTargetsInParallel = 1;
				LastSwiftUpdateCheck = 1340;
				LastUpgradeCheck = 1340;
				TargetAttributes = {
					5024EE4E284DB342000B295A = {
						CreatedOnToolsVersion = 13.4.1;
					};
				};
			};
			buildConfigurationList = 5024EE4A284DB342000B295A /* Build configuration list for PBXProject "Money Diary" */;
			compatibilityVersion = "Xcode 13.0";
			developmentRegion = en;
			hasScannedForEncodings = 0;
			knownRegions = (
				en,
				Base,
			);
			mainGroup = 5024EE46284DB342000B295A;
			packageReferences = (
				50AB38C1286505BD00E9957E /* XCRemoteSwiftPackageReference "SwiftyBeaver" */,
				50AB38C42865061600E9957E /* XCRemoteSwiftPackageReference "SPIndicator" */,
				50AB38C72865062300E9957E /* XCRemoteSwiftPackageReference "SPSettingsIcons" */,
				50AB38CA286508B800E9957E /* XCRemoteSwiftPackageReference "SwiftyJSON" */,
				50AB38D72865550800E9957E /* XCRemoteSwiftPackageReference "firebase-ios-sdk" */,
				50E0481D2866D81D008603BC /* XCRemoteSwiftPackageReference "ProgressHUD" */,
				50D038282869688900662008 /* XCRemoteSwiftPackageReference "realm-swift" */,
				48DAB1D0286A9C0F00E7461C /* XCRemoteSwiftPackageReference "keychain-swift" */,
			);
			productRefGroup = 5024EE50284DB342000B295A /* Products */;
			projectDirPath = "";
			projectRoot = "";
			targets = (
				5024EE4E284DB342000B295A /* Money Diary */,
			);
		};
/* End PBXProject section */

/* Begin PBXResourcesBuildPhase section */
		5024EE4D284DB342000B295A /* Resources */ = {
			isa = PBXResourcesBuildPhase;
			buildActionMask = 2147483647;
			files = (
				50E28349285EFFAF005A3907 /* AllRecordsVC.xib in Resources */,
				50E28323285EAC42005A3907 /* WalletDetailVC.xib in Resources */,
				50AB38D328654DBC00E9957E /* GoogleService-Info.plist in Resources */,
				48DAB1E8286B9C8600E7461C /* ChangePasswordVC.xib in Resources */,
				50D03827286949CD00662008 /* SplashVC.xib in Resources */,
				5038E69328530FDA00756D60 /* AddRecordVC.xib in Resources */,
				5038E6672852D6D800756D60 /* AddVC.xib in Resources */,
				4849A8A4285DBA60004569EB /* AddWalletVC.xib in Resources */,
				48DAB1D6286AC65500E7461C /* AccountManagementVC.xib in Resources */,
				4836D856285D601100746A56 /* DashboardVC.xib in Resources */,
				4849A8A0285DABC1004569EB /* WalletsListVC.xib in Resources */,
				4818557B28666EE200648BB6 /* LoginCreateAccountVC.xib in Resources */,
				50D038312869788500662008 /* ResetPasswordVC.xib in Resources */,
				48DAB1EC286BCEF900E7461C /* DeleteAccountVC.xib in Resources */,
				505BA11D284F0DF5007AFBE0 /* WalletsCell.xib in Resources */,
				48DAB1E3286B7B0900E7461C /* Localizable.strings in Resources */,
				5024EE5F284DB344000B295A /* LaunchScreen.storyboard in Resources */,
				487BA55428638545007E00B6 /* ImageCell.xib in Resources */,
				509D84AB28604DA800AC8F58 /* SettingsVC.xib in Resources */,
				487BA565286586C7007E00B6 /* WelcomeVC.xib in Resources */,
				48DAB1DE286AD0D600E7461C /* ChangeEmailVC.xib in Resources */,
				5024EE5C284DB344000B295A /* Assets.xcassets in Resources */,
				487BA54E28629350007E00B6 /* RecordDetailsVC.xib in Resources */,
				5024EE5A284DB342000B295A /* Main.storyboard in Resources */,
			);
			runOnlyForDeploymentPostprocessing = 0;
		};
/* End PBXResourcesBuildPhase section */

/* Begin PBXSourcesBuildPhase section */
		5024EE4B284DB342000B295A /* Sources */ = {
			isa = PBXSourcesBuildPhase;
			buildActionMask = 2147483647;
			files = (
				4839B82028618F9E0015C048 /* TabBarViewCell.swift in Sources */,
				50E28322285EAC42005A3907 /* WalletDetailVC.swift in Sources */,
				4849A898285D96BF004569EB /* Wallet.swift in Sources */,
				4849A8A3285DBA60004569EB /* AddWalletVC.swift in Sources */,
				50E28325285EB95B005A3907 /* LeftRightLabelCell.swift in Sources */,
				48DAB1E7286B9C8600E7461C /* ChangePasswordVC.swift in Sources */,
				5038E68D2853052500756D60 /* UIView+Fade.swift in Sources */,
				50D03826286949CD00662008 /* SplashVC.swift in Sources */,
				50A221B52855016700D1A139 /* ContentSizedTableView.swift in Sources */,
				50E2834B285FA87A005A3907 /* Constants.swift in Sources */,
				4818557A28666EE200648BB6 /* LoginCreateAccountVC.swift in Sources */,
				487BA564286586C7007E00B6 /* WelcomeVC.swift in Sources */,
				505BA11C284F0DF5007AFBE0 /* WalletsCell.swift in Sources */,
				5024EE57284DB342000B295A /* DashboardViewController.swift in Sources */,
				50D33AB12866CBD800D009B8 /* Validator.swift in Sources */,
				509D84AA28604DA800AC8F58 /* SettingsVC.swift in Sources */,
				4836D852285D4C7200746A56 /* DatePickerCell.swift in Sources */,
				48DAB1EB286BCEF900E7461C /* DeleteAccountVC.swift in Sources */,
				48DAB1D5286AC65500E7461C /* AccountManagementVC.swift in Sources */,
				5024EE53284DB342000B295A /* AppDelegate.swift in Sources */,
				48DAB1F0286D17DD00E7461C /* BiometryManager.swift in Sources */,
				5038E69228530FDA00756D60 /* AddRecordVC.swift in Sources */,
				48DAB1DD286AD0D600E7461C /* ChangeEmailVC.swift in Sources */,
				48DAB1EE286C1CC400E7461C /* FirebaseManagers.swift in Sources */,
				4836D855285D601100746A56 /* DashboardVC.swift in Sources */,
				487BA55328638545007E00B6 /* ImageCell.swift in Sources */,
				4839B81E2860DB690015C048 /* CommonMethods+Extensions.swift in Sources */,
				5038E6662852D6D800756D60 /* AddVC.swift in Sources */,
				4818557D2866AFC000648BB6 /* TextFields.swift in Sources */,
				50D038302869788500662008 /* ResetPasswordVC.swift in Sources */,
				5038E6692852D90A00756D60 /* BounceButton.swift in Sources */,
				505BA11F284F1473007AFBE0 /* RoundedView.swift in Sources */,
				5024EE55284DB342000B295A /* SceneDelegate.swift in Sources */,
				4836D860285D8CD900746A56 /* TextViewCell.swift in Sources */,
				4849A89C285D9FD1004569EB /* RecordManager.swift in Sources */,
				487BA54D28629350007E00B6 /* RecordDetailsVC.swift in Sources */,
				4849A89F285DABC1004569EB /* WalletsListVC.swift in Sources */,
				487BA56728658ACF007E00B6 /* TypingLabel.swift in Sources */,
				4836D85C285D778400746A56 /* Record.swift in Sources */,
				4849A89A285D9DCC004569EB /* WalletManager.swift in Sources */,
				50E28348285EFFAF005A3907 /* AllRecordsVC.swift in Sources */,
				509D84A32860335C00AC8F58 /* TabBarView.swift in Sources */,
			);
			runOnlyForDeploymentPostprocessing = 0;
		};
/* End PBXSourcesBuildPhase section */

/* Begin PBXVariantGroup section */
		48DAB1E1286B7B0900E7461C /* Localizable.strings */ = {
			isa = PBXVariantGroup;
			children = (
				48DAB1E2286B7B0900E7461C /* Base */,
			);
			name = Localizable.strings;
			sourceTree = "<group>";
		};
		5024EE58284DB342000B295A /* Main.storyboard */ = {
			isa = PBXVariantGroup;
			children = (
				5024EE59284DB342000B295A /* Base */,
			);
			name = Main.storyboard;
			sourceTree = "<group>";
		};
		5024EE5D284DB344000B295A /* LaunchScreen.storyboard */ = {
			isa = PBXVariantGroup;
			children = (
				5024EE5E284DB344000B295A /* Base */,
			);
			name = LaunchScreen.storyboard;
			sourceTree = "<group>";
		};
/* End PBXVariantGroup section */

/* Begin XCBuildConfiguration section */
		5024EE61284DB344000B295A /* Debug */ = {
			isa = XCBuildConfiguration;
			buildSettings = {
				ALWAYS_SEARCH_USER_PATHS = NO;
				CLANG_ANALYZER_NONNULL = YES;
				CLANG_ANALYZER_NUMBER_OBJECT_CONVERSION = YES_AGGRESSIVE;
				CLANG_CXX_LANGUAGE_STANDARD = "gnu++17";
				CLANG_ENABLE_MODULES = YES;
				CLANG_ENABLE_OBJC_ARC = YES;
				CLANG_ENABLE_OBJC_WEAK = YES;
				CLANG_WARN_BLOCK_CAPTURE_AUTORELEASING = YES;
				CLANG_WARN_BOOL_CONVERSION = YES;
				CLANG_WARN_COMMA = YES;
				CLANG_WARN_CONSTANT_CONVERSION = YES;
				CLANG_WARN_DEPRECATED_OBJC_IMPLEMENTATIONS = YES;
				CLANG_WARN_DIRECT_OBJC_ISA_USAGE = YES_ERROR;
				CLANG_WARN_DOCUMENTATION_COMMENTS = YES;
				CLANG_WARN_EMPTY_BODY = YES;
				CLANG_WARN_ENUM_CONVERSION = YES;
				CLANG_WARN_INFINITE_RECURSION = YES;
				CLANG_WARN_INT_CONVERSION = YES;
				CLANG_WARN_NON_LITERAL_NULL_CONVERSION = YES;
				CLANG_WARN_OBJC_IMPLICIT_RETAIN_SELF = YES;
				CLANG_WARN_OBJC_LITERAL_CONVERSION = YES;
				CLANG_WARN_OBJC_ROOT_CLASS = YES_ERROR;
				CLANG_WARN_QUOTED_INCLUDE_IN_FRAMEWORK_HEADER = YES;
				CLANG_WARN_RANGE_LOOP_ANALYSIS = YES;
				CLANG_WARN_STRICT_PROTOTYPES = YES;
				CLANG_WARN_SUSPICIOUS_MOVE = YES;
				CLANG_WARN_UNGUARDED_AVAILABILITY = YES_AGGRESSIVE;
				CLANG_WARN_UNREACHABLE_CODE = YES;
				CLANG_WARN__DUPLICATE_METHOD_MATCH = YES;
				COPY_PHASE_STRIP = NO;
				DEBUG_INFORMATION_FORMAT = dwarf;
				ENABLE_STRICT_OBJC_MSGSEND = YES;
				ENABLE_TESTABILITY = YES;
				GCC_C_LANGUAGE_STANDARD = gnu11;
				GCC_DYNAMIC_NO_PIC = NO;
				GCC_NO_COMMON_BLOCKS = YES;
				GCC_OPTIMIZATION_LEVEL = 0;
				GCC_PREPROCESSOR_DEFINITIONS = (
					"DEBUG=1",
					"$(inherited)",
				);
				GCC_WARN_64_TO_32_BIT_CONVERSION = YES;
				GCC_WARN_ABOUT_RETURN_TYPE = YES_ERROR;
				GCC_WARN_UNDECLARED_SELECTOR = YES;
				GCC_WARN_UNINITIALIZED_AUTOS = YES_AGGRESSIVE;
				GCC_WARN_UNUSED_FUNCTION = YES;
				GCC_WARN_UNUSED_VARIABLE = YES;
				IPHONEOS_DEPLOYMENT_TARGET = 15.5;
				MTL_ENABLE_DEBUG_INFO = INCLUDE_SOURCE;
				MTL_FAST_MATH = YES;
				ONLY_ACTIVE_ARCH = YES;
				SDKROOT = iphoneos;
				SWIFT_ACTIVE_COMPILATION_CONDITIONS = DEBUG;
				SWIFT_OPTIMIZATION_LEVEL = "-Onone";
			};
			name = Debug;
		};
		5024EE62284DB344000B295A /* Release */ = {
			isa = XCBuildConfiguration;
			buildSettings = {
				ALWAYS_SEARCH_USER_PATHS = NO;
				CLANG_ANALYZER_NONNULL = YES;
				CLANG_ANALYZER_NUMBER_OBJECT_CONVERSION = YES_AGGRESSIVE;
				CLANG_CXX_LANGUAGE_STANDARD = "gnu++17";
				CLANG_ENABLE_MODULES = YES;
				CLANG_ENABLE_OBJC_ARC = YES;
				CLANG_ENABLE_OBJC_WEAK = YES;
				CLANG_WARN_BLOCK_CAPTURE_AUTORELEASING = YES;
				CLANG_WARN_BOOL_CONVERSION = YES;
				CLANG_WARN_COMMA = YES;
				CLANG_WARN_CONSTANT_CONVERSION = YES;
				CLANG_WARN_DEPRECATED_OBJC_IMPLEMENTATIONS = YES;
				CLANG_WARN_DIRECT_OBJC_ISA_USAGE = YES_ERROR;
				CLANG_WARN_DOCUMENTATION_COMMENTS = YES;
				CLANG_WARN_EMPTY_BODY = YES;
				CLANG_WARN_ENUM_CONVERSION = YES;
				CLANG_WARN_INFINITE_RECURSION = YES;
				CLANG_WARN_INT_CONVERSION = YES;
				CLANG_WARN_NON_LITERAL_NULL_CONVERSION = YES;
				CLANG_WARN_OBJC_IMPLICIT_RETAIN_SELF = YES;
				CLANG_WARN_OBJC_LITERAL_CONVERSION = YES;
				CLANG_WARN_OBJC_ROOT_CLASS = YES_ERROR;
				CLANG_WARN_QUOTED_INCLUDE_IN_FRAMEWORK_HEADER = YES;
				CLANG_WARN_RANGE_LOOP_ANALYSIS = YES;
				CLANG_WARN_STRICT_PROTOTYPES = YES;
				CLANG_WARN_SUSPICIOUS_MOVE = YES;
				CLANG_WARN_UNGUARDED_AVAILABILITY = YES_AGGRESSIVE;
				CLANG_WARN_UNREACHABLE_CODE = YES;
				CLANG_WARN__DUPLICATE_METHOD_MATCH = YES;
				COPY_PHASE_STRIP = NO;
				DEBUG_INFORMATION_FORMAT = "dwarf-with-dsym";
				ENABLE_NS_ASSERTIONS = NO;
				ENABLE_STRICT_OBJC_MSGSEND = YES;
				GCC_C_LANGUAGE_STANDARD = gnu11;
				GCC_NO_COMMON_BLOCKS = YES;
				GCC_WARN_64_TO_32_BIT_CONVERSION = YES;
				GCC_WARN_ABOUT_RETURN_TYPE = YES_ERROR;
				GCC_WARN_UNDECLARED_SELECTOR = YES;
				GCC_WARN_UNINITIALIZED_AUTOS = YES_AGGRESSIVE;
				GCC_WARN_UNUSED_FUNCTION = YES;
				GCC_WARN_UNUSED_VARIABLE = YES;
				IPHONEOS_DEPLOYMENT_TARGET = 15.5;
				MTL_ENABLE_DEBUG_INFO = NO;
				MTL_FAST_MATH = YES;
				SDKROOT = iphoneos;
				SWIFT_COMPILATION_MODE = wholemodule;
				SWIFT_OPTIMIZATION_LEVEL = "-O";
				VALIDATE_PRODUCT = YES;
			};
			name = Release;
		};
		5024EE64284DB344000B295A /* Debug */ = {
			isa = XCBuildConfiguration;
			buildSettings = {
				ASSETCATALOG_COMPILER_APPICON_NAME = AppIcon;
				ASSETCATALOG_COMPILER_GLOBAL_ACCENT_COLOR_NAME = AccentColor;
				CODE_SIGN_STYLE = Automatic;
				CURRENT_PROJECT_VERSION = 1;
				DEVELOPMENT_TEAM = HJ6B3ZPM4Y;
				GENERATE_INFOPLIST_FILE = YES;
				INFOPLIST_FILE = "Money Diary/Info.plist";
				INFOPLIST_KEY_UIApplicationSupportsIndirectInputEvents = YES;
				INFOPLIST_KEY_UILaunchStoryboardName = LaunchScreen;
				INFOPLIST_KEY_UIMainStoryboardFile = Main;
				INFOPLIST_KEY_UISupportedInterfaceOrientations_iPad = "UIInterfaceOrientationPortrait UIInterfaceOrientationPortraitUpsideDown UIInterfaceOrientationLandscapeLeft UIInterfaceOrientationLandscapeRight";
				INFOPLIST_KEY_UISupportedInterfaceOrientations_iPhone = "UIInterfaceOrientationPortrait UIInterfaceOrientationLandscapeLeft UIInterfaceOrientationLandscapeRight";
				IPHONEOS_DEPLOYMENT_TARGET = 15.0;
				LD_RUNPATH_SEARCH_PATHS = (
					"$(inherited)",
					"@executable_path/Frameworks",
				);
				MARKETING_VERSION = 1.0;
				OTHER_LDFLAGS = (
					"$(OTHER_LDFLAGS)",
					"-ObjC",
				);
				PRODUCT_BUNDLE_IDENTIFIER = "com.termuenator.Money-Diary";
				PRODUCT_NAME = "$(TARGET_NAME)";
				SWIFT_EMIT_LOC_STRINGS = YES;
				SWIFT_VERSION = 5.0;
				TARGETED_DEVICE_FAMILY = "1,2";
			};
			name = Debug;
		};
		5024EE65284DB344000B295A /* Release */ = {
			isa = XCBuildConfiguration;
			buildSettings = {
				ASSETCATALOG_COMPILER_APPICON_NAME = AppIcon;
				ASSETCATALOG_COMPILER_GLOBAL_ACCENT_COLOR_NAME = AccentColor;
				CODE_SIGN_STYLE = Automatic;
				CURRENT_PROJECT_VERSION = 1;
				DEVELOPMENT_TEAM = HJ6B3ZPM4Y;
				GENERATE_INFOPLIST_FILE = YES;
				INFOPLIST_FILE = "Money Diary/Info.plist";
				INFOPLIST_KEY_UIApplicationSupportsIndirectInputEvents = YES;
				INFOPLIST_KEY_UILaunchStoryboardName = LaunchScreen;
				INFOPLIST_KEY_UIMainStoryboardFile = Main;
				INFOPLIST_KEY_UISupportedInterfaceOrientations_iPad = "UIInterfaceOrientationPortrait UIInterfaceOrientationPortraitUpsideDown UIInterfaceOrientationLandscapeLeft UIInterfaceOrientationLandscapeRight";
				INFOPLIST_KEY_UISupportedInterfaceOrientations_iPhone = "UIInterfaceOrientationPortrait UIInterfaceOrientationLandscapeLeft UIInterfaceOrientationLandscapeRight";
				IPHONEOS_DEPLOYMENT_TARGET = 15.0;
				LD_RUNPATH_SEARCH_PATHS = (
					"$(inherited)",
					"@executable_path/Frameworks",
				);
				MARKETING_VERSION = 1.0;
				OTHER_LDFLAGS = (
					"$(OTHER_LDFLAGS)",
					"-ObjC",
				);
				PRODUCT_BUNDLE_IDENTIFIER = "com.termuenator.Money-Diary";
				PRODUCT_NAME = "$(TARGET_NAME)";
				SWIFT_EMIT_LOC_STRINGS = YES;
				SWIFT_VERSION = 5.0;
				TARGETED_DEVICE_FAMILY = "1,2";
			};
			name = Release;
		};
/* End XCBuildConfiguration section */

/* Begin XCConfigurationList section */
		5024EE4A284DB342000B295A /* Build configuration list for PBXProject "Money Diary" */ = {
			isa = XCConfigurationList;
			buildConfigurations = (
				5024EE61284DB344000B295A /* Debug */,
				5024EE62284DB344000B295A /* Release */,
			);
			defaultConfigurationIsVisible = 0;
			defaultConfigurationName = Release;
		};
		5024EE63284DB344000B295A /* Build configuration list for PBXNativeTarget "Money Diary" */ = {
			isa = XCConfigurationList;
			buildConfigurations = (
				5024EE64284DB344000B295A /* Debug */,
				5024EE65284DB344000B295A /* Release */,
			);
			defaultConfigurationIsVisible = 0;
			defaultConfigurationName = Release;
		};
/* End XCConfigurationList section */

/* Begin XCRemoteSwiftPackageReference section */
		48DAB1D0286A9C0F00E7461C /* XCRemoteSwiftPackageReference "keychain-swift" */ = {
			isa = XCRemoteSwiftPackageReference;
			repositoryURL = "https://github.com/evgenyneu/keychain-swift.git";
			requirement = {
				branch = master;
				kind = branch;
			};
		};
		50AB38C1286505BD00E9957E /* XCRemoteSwiftPackageReference "SwiftyBeaver" */ = {
			isa = XCRemoteSwiftPackageReference;
			repositoryURL = "https://github.com/SwiftyBeaver/SwiftyBeaver.git";
			requirement = {
				branch = master;
				kind = branch;
			};
		};
		50AB38C42865061600E9957E /* XCRemoteSwiftPackageReference "SPIndicator" */ = {
			isa = XCRemoteSwiftPackageReference;
			repositoryURL = "https://github.com/ivanvorobei/SPIndicator";
			requirement = {
				kind = upToNextMajorVersion;
				minimumVersion = 1.0.0;
			};
		};
		50AB38C72865062300E9957E /* XCRemoteSwiftPackageReference "SPSettingsIcons" */ = {
			isa = XCRemoteSwiftPackageReference;
			repositoryURL = "https://github.com/sparrowcode/SPSettingsIcons";
			requirement = {
				kind = upToNextMajorVersion;
				minimumVersion = 1.0.0;
			};
		};
		50AB38CA286508B800E9957E /* XCRemoteSwiftPackageReference "SwiftyJSON" */ = {
			isa = XCRemoteSwiftPackageReference;
			repositoryURL = "https://github.com/SwiftyJSON/SwiftyJSON.git";
			requirement = {
				kind = upToNextMajorVersion;
				minimumVersion = 5.0.0;
			};
		};
		50AB38D72865550800E9957E /* XCRemoteSwiftPackageReference "firebase-ios-sdk" */ = {
			isa = XCRemoteSwiftPackageReference;
			repositoryURL = "https://github.com/firebase/firebase-ios-sdk";
			requirement = {
				kind = upToNextMajorVersion;
				minimumVersion = 9.0.0;
			};
		};
		50D038282869688900662008 /* XCRemoteSwiftPackageReference "realm-swift" */ = {
			isa = XCRemoteSwiftPackageReference;
			repositoryURL = "https://github.com/realm/realm-swift.git";
			requirement = {
				branch = master;
				kind = branch;
			};
		};
		50E0481D2866D81D008603BC /* XCRemoteSwiftPackageReference "ProgressHUD" */ = {
			isa = XCRemoteSwiftPackageReference;
			repositoryURL = "https://github.com/relatedcode/ProgressHUD";
			requirement = {
				kind = upToNextMajorVersion;
				minimumVersion = 13.0.0;
			};
		};
/* End XCRemoteSwiftPackageReference section */

/* Begin XCSwiftPackageProductDependency section */
		48DAB1D1286A9C0F00E7461C /* KeychainSwift */ = {
			isa = XCSwiftPackageProductDependency;
			package = 48DAB1D0286A9C0F00E7461C /* XCRemoteSwiftPackageReference "keychain-swift" */;
			productName = KeychainSwift;
		};
		50AB38C2286505BD00E9957E /* SwiftyBeaver */ = {
			isa = XCSwiftPackageProductDependency;
			package = 50AB38C1286505BD00E9957E /* XCRemoteSwiftPackageReference "SwiftyBeaver" */;
			productName = SwiftyBeaver;
		};
		50AB38C52865061600E9957E /* SPIndicator */ = {
			isa = XCSwiftPackageProductDependency;
			package = 50AB38C42865061600E9957E /* XCRemoteSwiftPackageReference "SPIndicator" */;
			productName = SPIndicator;
		};
		50AB38C82865062300E9957E /* SPSettingsIcons */ = {
			isa = XCSwiftPackageProductDependency;
			package = 50AB38C72865062300E9957E /* XCRemoteSwiftPackageReference "SPSettingsIcons" */;
			productName = SPSettingsIcons;
		};
		50AB38CB286508B800E9957E /* SwiftyJSON */ = {
			isa = XCSwiftPackageProductDependency;
			package = 50AB38CA286508B800E9957E /* XCRemoteSwiftPackageReference "SwiftyJSON" */;
			productName = SwiftyJSON;
		};
		50AB38D82865550800E9957E /* FirebaseAnalytics */ = {
			isa = XCSwiftPackageProductDependency;
			package = 50AB38D72865550800E9957E /* XCRemoteSwiftPackageReference "firebase-ios-sdk" */;
			productName = FirebaseAnalytics;
		};
		50AB38DA2865550800E9957E /* FirebaseAuth */ = {
			isa = XCSwiftPackageProductDependency;
			package = 50AB38D72865550800E9957E /* XCRemoteSwiftPackageReference "firebase-ios-sdk" */;
			productName = FirebaseAuth;
		};
		50AB38DC2865550800E9957E /* FirebaseFirestore */ = {
			isa = XCSwiftPackageProductDependency;
			package = 50AB38D72865550800E9957E /* XCRemoteSwiftPackageReference "firebase-ios-sdk" */;
			productName = FirebaseFirestore;
		};
		50D038292869688900662008 /* Realm */ = {
			isa = XCSwiftPackageProductDependency;
			package = 50D038282869688900662008 /* XCRemoteSwiftPackageReference "realm-swift" */;
			productName = Realm;
		};
		50D0382B2869688900662008 /* RealmSwift */ = {
			isa = XCSwiftPackageProductDependency;
			package = 50D038282869688900662008 /* XCRemoteSwiftPackageReference "realm-swift" */;
			productName = RealmSwift;
		};
		50E0481E2866D81D008603BC /* ProgressHUD */ = {
			isa = XCSwiftPackageProductDependency;
			package = 50E0481D2866D81D008603BC /* XCRemoteSwiftPackageReference "ProgressHUD" */;
			productName = ProgressHUD;
		};
/* End XCSwiftPackageProductDependency section */
	};
	rootObject = 5024EE47284DB342000B295A /* Project object */;
}
